
Microsoft Visual Studio Solution File, Format Version 12.00
# Visual Studio Version 17
VisualStudioVersion = 17.7.34202.233
MinimumVisualStudioVersion = 10.0.40219.1
Project("{9A19103F-16F7-4668-BE54-9A1E7A4F7556}") = "Core6_EShop", "Core6_EShop\Core6_EShop.csproj", "{4AF537E3-8E88-450C-A086-9F5D099255DE}"
EndProject
Global
	GlobalSection(SolutionConfigurationPlatforms) = preSolution
		Debug|Any CPU = Debug|Any CPU
		Release|Any CPU = Release|Any CPU
	EndGlobalSection
	GlobalSection(ProjectConfigurationPlatforms) = postSolution
		{4AF537E3-8E88-450C-A086-9F5D099255DE}.Debug|Any CPU.ActiveCfg = Debug|Any CPU
		{4AF537E3-8E88-450C-A086-9F5D099255DE}.Debug|Any CPU.Build.0 = Debug|Any CPU
		{4AF537E3-8E88-450C-A086-9F5D099255DE}.Release|Any CPU.ActiveCfg = Release|Any CPU
		{4AF537E3-8E88-450C-A086-9F5D099255DE}.Release|Any CPU.Build.0 = Release|Any CPU
	EndGlobalSection
	GlobalSection(SolutionProperties) = preSolution
		HideSolutionNode = FALSE
	EndGlobalSection
	GlobalSection(ExtensibilityGlobals) = postSolution
		SolutionGuid = {485E316F-CBD9-4EF7-AEED-1C698D084020}
	EndGlobalSection
EndGlobal
